
Microsoft Visual Studio Solution File, Format Version 12.00
Project("{FAE04EC0-301F-11D3-BF4B-00C04F79EFBC}") = "Simulator", "Simulator\Simulator.csproj", "{9FBCB5C7-4F5B-464F-B9AC-F76111FBDF73}"
EndProject
Project("{FAE04EC0-301F-11D3-BF4B-00C04F79EFBC}") = "FrameWork", "FrameWork\FrameWork.csproj", "{221BE42F-5402-4D8B-89FA-700C4EEB2562}"
EndProject
Project("{FAE04EC0-301F-11D3-BF4B-00C04F79EFBC}") = "Planner", "Planner\Planner.csproj", "{E7C4FC17-5A6F-40FC-96BF-3144FCC4726D}"
EndProject
Global
	GlobalSection(SolutionConfigurationPlatforms) = preSolution
		Debug|Any CPU = Debug|Any CPU
		Release|Any CPU = Release|Any CPU
	EndGlobalSection
	GlobalSection(ProjectConfigurationPlatforms) = postSolution
		{9FBCB5C7-4F5B-464F-B9AC-F76111FBDF73}.Debug|Any CPU.ActiveCfg = Debug|Any CPU
		{9FBCB5C7-4F5B-464F-B9AC-F76111FBDF73}.Debug|Any CPU.Build.0 = Debug|Any CPU
		{9FBCB5C7-4F5B-464F-B9AC-F76111FBDF73}.Release|Any CPU.ActiveCfg = Release|Any CPU
		{9FBCB5C7-4F5B-464F-B9AC-F76111FBDF73}.Release|Any CPU.Build.0 = Release|Any CPU
		{221BE42F-5402-4D8B-89FA-700C4EEB2562}.Debug|Any CPU.ActiveCfg = Debug|Any CPU
		{221BE42F-5402-4D8B-89FA-700C4EEB2562}.Debug|Any CPU.Build.0 = Debug|Any CPU
		{221BE42F-5402-4D8B-89FA-700C4EEB2562}.Release|Any CPU.ActiveCfg = Release|Any CPU
		{221BE42F-5402-4D8B-89FA-700C4EEB2562}.Release|Any CPU.Build.0 = Release|Any CPU
		{E7C4FC17-5A6F-40FC-96BF-3144FCC4726D}.Debug|Any CPU.ActiveCfg = Debug|Any CPU
		{E7C4FC17-5A6F-40FC-96BF-3144FCC4726D}.Debug|Any CPU.Build.0 = Debug|Any CPU
		{E7C4FC17-5A6F-40FC-96BF-3144FCC4726D}.Release|Any CPU.ActiveCfg = Release|Any CPU
		{E7C4FC17-5A6F-40FC-96BF-3144FCC4726D}.Release|Any CPU.Build.0 = Release|Any CPU
	EndGlobalSection
EndGlobal
